// !$*UTF8*$!
{
	archiveVersion = 1;
	classes = {
	};
	objectVersion = 50;
	objects = {

/* Begin PBXBuildFile section */
		D52A44C8226893D30007F603 /* AppDelegate.swift in Sources */ = {isa = PBXBuildFile; fileRef = D52A44C7226893D30007F603 /* AppDelegate.swift */; };
		D52A44CA226893D30007F603 /* ViewController.swift in Sources */ = {isa = PBXBuildFile; fileRef = D52A44C9226893D30007F603 /* ViewController.swift */; };
		D52A44CD226893D30007F603 /* Main.storyboard in Resources */ = {isa = PBXBuildFile; fileRef = D52A44CB226893D30007F603 /* Main.storyboard */; };
		D52A44CF226893D40007F603 /* Assets.xcassets in Resources */ = {isa = PBXBuildFile; fileRef = D52A44CE226893D40007F603 /* Assets.xcassets */; };
		D52A44D2226893D40007F603 /* LaunchScreen.storyboard in Resources */ = {isa = PBXBuildFile; fileRef = D52A44D0226893D40007F603 /* LaunchScreen.storyboard */; };
		D52A44DD226893D40007F603 /* Music_PlayerTests.swift in Sources */ = {isa = PBXBuildFile; fileRef = D52A44DC226893D40007F603 /* Music_PlayerTests.swift */; };
		D52A44E8226893D40007F603 /* Music_PlayerUITests.swift in Sources */ = {isa = PBXBuildFile; fileRef = D52A44E7226893D40007F603 /* Music_PlayerUITests.swift */; };
		D52A44F6226894650007F603 /* crabRavePic.png in Resources */ = {isa = PBXBuildFile; fileRef = D52A44F5226894650007F603 /* crabRavePic.png */; };
		D52A44F82268946C0007F603 /* CrabRave.mp3 in Resources */ = {isa = PBXBuildFile; fileRef = D52A44F72268946C0007F603 /* CrabRave.mp3 */; };
/* End PBXBuildFile section */

/* Begin PBXContainerItemProxy section */
		D52A44D9226893D40007F603 /* PBXContainerItemProxy */ = {
			isa = PBXContainerItemProxy;
			containerPortal = D52A44BC226893D30007F603 /* Project object */;
			proxyType = 1;
			remoteGlobalIDString = D52A44C3226893D30007F603;
			remoteInfo = "Music Player";
		};
		D52A44E4226893D40007F603 /* PBXContainerItemProxy */ = {
			isa = PBXContainerItemProxy;
			containerPortal = D52A44BC226893D30007F603 /* Project object */;
			proxyType = 1;
			remoteGlobalIDString = D52A44C3226893D30007F603;
			remoteInfo = "Music Player";
		};
/* End PBXContainerItemProxy section */

/* Begin PBXFileReference section */
		D52A44C4226893D30007F603 /* Music Player.app */ = {isa = PBXFileReference; explicitFileType = wrapper.application; includeInIndex = 0; path = "Music Player.app"; sourceTree = BUILT_PRODUCTS_DIR; };
		D52A44C7226893D30007F603 /* AppDelegate.swift */ = {isa = PBXFileReference; lastKnownFileType = sourcecode.swift; path = AppDelegate.swift; sourceTree = "<group>"; };
		D52A44C9226893D30007F603 /* ViewController.swift */ = {isa = PBXFileReference; lastKnownFileType = sourcecode.swift; path = ViewController.swift; sourceTree = "<group>"; };
		D52A44CC226893D30007F603 /* Base */ = {isa = PBXFileReference; lastKnownFileType = file.storyboard; name = Base; path = Base.lproj/Main.storyboard; sourceTree = "<group>"; };
		D52A44CE226893D40007F603 /* Assets.xcassets */ = {isa = PBXFileReference; lastKnownFileType = folder.assetcatalog; path = Assets.xcassets; sourceTree = "<group>"; };
		D52A44D1226893D40007F603 /* Base */ = {isa = PBXFileReference; lastKnownFileType = file.storyboard; name = Base; path = Base.lproj/LaunchScreen.storyboard; sourceTree = "<group>"; };
		D52A44D3226893D40007F603 /* Info.plist */ = {isa = PBXFileReference; lastKnownFileType = text.plist.xml; path = Info.plist; sourceTree = "<group>"; };
		D52A44D8226893D40007F603 /* Music PlayerTests.xctest */ = {isa = PBXFileReference; explicitFileType = wrapper.cfbundle; includeInIndex = 0; path = "Music PlayerTests.xctest"; sourceTree = BUILT_PRODUCTS_DIR; };
		D52A44DC226893D40007F603 /* Music_PlayerTests.swift */ = {isa = PBXFileReference; lastKnownFileType = sourcecode.swift; path = Music_PlayerTests.swift; sourceTree = "<group>"; };
		D52A44DE226893D40007F603 /* Info.plist */ = {isa = PBXFileReference; lastKnownFileType = text.plist.xml; path = Info.plist; sourceTree = "<group>"; };
		D52A44E3226893D40007F603 /* Music PlayerUITests.xctest */ = {isa = PBXFileReference; explicitFileType = wrapper.cfbundle; includeInIndex = 0; path = "Music PlayerUITests.xctest"; sourceTree = BUILT_PRODUCTS_DIR; };
		D52A44E7226893D40007F603 /* Music_PlayerUITests.swift */ = {isa = PBXFileReference; lastKnownFileType = sourcecode.swift; path = Music_PlayerUITests.swift; sourceTree = "<group>"; };
		D52A44E9226893D40007F603 /* Info.plist */ = {isa = PBXFileReference; lastKnownFileType = text.plist.xml; path = Info.plist; sourceTree = "<group>"; };
		D52A44F5226894650007F603 /* crabRavePic.png */ = {isa = PBXFileReference; lastKnownFileType = image.png; name = crabRavePic.png; path = ../../../crabRavePic.png; sourceTree = "<group>"; };
		D52A44F72268946C0007F603 /* CrabRave.mp3 */ = {isa = PBXFileReference; lastKnownFileType = audio.mp3; name = CrabRave.mp3; path = ../../../CrabRave.mp3; sourceTree = "<group>"; };
/* End PBXFileReference section */

/* Begin PBXFrameworksBuildPhase section */
		D52A44C1226893D30007F603 /* Frameworks */ = {
			isa = PBXFrameworksBuildPhase;
			buildActionMask = 2147483647;
			files = (
			);
			runOnlyForDeploymentPostprocessing = 0;
		};
		D52A44D5226893D40007F603 /* Frameworks */ = {
			isa = PBXFrameworksBuildPhase;
			buildActionMask = 2147483647;
			files = (
			);
			runOnlyForDeploymentPostprocessing = 0;
		};
		D52A44E0226893D40007F603 /* Frameworks */ = {
			isa = PBXFrameworksBuildPhase;
			buildActionMask = 2147483647;
			files = (
			);
			runOnlyForDeploymentPostprocessing = 0;
		};
/* End PBXFrameworksBuildPhase section */

/* Begin PBXGroup section */
		D52A44BB226893D30007F603 = {
			isa = PBXGroup;
			children = (
				D52A44C6226893D30007F603 /* Music Player */,
				D52A44DB226893D40007F603 /* Music PlayerTests */,
				D52A44E6226893D40007F603 /* Music PlayerUITests */,
				D52A44C5226893D30007F603 /* Products */,
			);
			sourceTree = "<group>";
		};
		D52A44C5226893D30007F603 /* Products */ = {
			isa = PBXGroup;
			children = (
				D52A44C4226893D30007F603 /* Music Player.app */,
				D52A44D8226893D40007F603 /* Music PlayerTests.xctest */,
				D52A44E3226893D40007F603 /* Music PlayerUITests.xctest */,
			);
			name = Products;
			sourceTree = "<group>";
		};
		D52A44C6226893D30007F603 /* Music Player */ = {
			isa = PBXGroup;
			children = (
				D52A44C7226893D30007F603 /* AppDelegate.swift */,
				D52A44C9226893D30007F603 /* ViewController.swift */,
				D52A44CB226893D30007F603 /* Main.storyboard */,
				D52A44F72268946C0007F603 /* CrabRave.mp3 */,
				D52A44F5226894650007F603 /* crabRavePic.png */,
				D52A44CE226893D40007F603 /* Assets.xcassets */,
				D52A44D0226893D40007F603 /* LaunchScreen.storyboard */,
				D52A44D3226893D40007F603 /* Info.plist */,
			);
			path = "Music Player";
			sourceTree = "<group>";
		};
		D52A44DB226893D40007F603 /* Music PlayerTests */ = {
			isa = PBXGroup;
			children = (
				D52A44DC226893D40007F603 /* Music_PlayerTests.swift */,
				D52A44DE226893D40007F603 /* Info.plist */,
			);
			path = "Music PlayerTests";
			sourceTree = "<group>";
		};
		D52A44E6226893D40007F603 /* Music PlayerUITests */ = {
			isa = PBXGroup;
			children = (
				D52A44E7226893D40007F603 /* Music_PlayerUITests.swift */,
				D52A44E9226893D40007F603 /* Info.plist */,
			);
			path = "Music PlayerUITests";
			sourceTree = "<group>";
		};
/* End PBXGroup section */

/* Begin PBXNativeTarget section */
		D52A44C3226893D30007F603 /* Music Player */ = {
			isa = PBXNativeTarget;
			buildConfigurationList = D52A44EC226893D40007F603 /* Build configuration list for PBXNativeTarget "Music Player" */;
			buildPhases = (
				D52A44C0226893D30007F603 /* Sources */,
				D52A44C1226893D30007F603 /* Frameworks */,
				D52A44C2226893D30007F603 /* Resources */,
			);
			buildRules = (
			);
			dependencies = (
			);
			name = "Music Player";
			productName = "Music Player";
			productReference = D52A44C4226893D30007F603 /* Music Player.app */;
			productType = "com.apple.product-type.application";
		};
		D52A44D7226893D40007F603 /* Music PlayerTests */ = {
			isa = PBXNativeTarget;
			buildConfigurationList = D52A44EF226893D40007F603 /* Build configuration list for PBXNativeTarget "Music PlayerTests" */;
			buildPhases = (
				D52A44D4226893D40007F603 /* Sources */,
				D52A44D5226893D40007F603 /* Frameworks */,
				D52A44D6226893D40007F603 /* Resources */,
			);
			buildRules = (
			);
			dependencies = (
				D52A44DA226893D40007F603 /* PBXTargetDependency */,
			);
			name = "Music PlayerTests";
			productName = "Music PlayerTests";
			productReference = D52A44D8226893D40007F603 /* Music PlayerTests.xctest */;
			productType = "com.apple.product-type.bundle.unit-test";
		};
		D52A44E2226893D40007F603 /* Music PlayerUITests */ = {
			isa = PBXNativeTarget;
			buildConfigurationList = D52A44F2226893D40007F603 /* Build configuration list for PBXNativeTarget "Music PlayerUITests" */;
			buildPhases = (
				D52A44DF226893D40007F603 /* Sources */,
				D52A44E0226893D40007F603 /* Frameworks */,
				D52A44E1226893D40007F603 /* Resources */,
			);
			buildRules = (
			);
			dependencies = (
				D52A44E5226893D40007F603 /* PBXTargetDependency */,
			);
			name = "Music PlayerUITests";
			productName = "Music PlayerUITests";
			productReference = D52A44E3226893D40007F603 /* Music PlayerUITests.xctest */;
			productType = "com.apple.product-type.bundle.ui-testing";
		};
/* End PBXNativeTarget section */

/* Begin PBXProject section */
		D52A44BC226893D30007F603 /* Project object */ = {
			isa = PBXProject;
			attributes = {
				LastSwiftUpdateCheck = 1010;
				LastUpgradeCheck = 1010;
				ORGANIZATIONNAME = Thyme;
				TargetAttributes = {
					D52A44C3226893D30007F603 = {
						CreatedOnToolsVersion = 10.1;
					};
					D52A44D7226893D40007F603 = {
						CreatedOnToolsVersion = 10.1;
						TestTargetID = D52A44C3226893D30007F603;
					};
					D52A44E2226893D40007F603 = {
						CreatedOnToolsVersion = 10.1;
						TestTargetID = D52A44C3226893D30007F603;
					};
				};
			};
			buildConfigurationList = D52A44BF226893D30007F603 /* Build configuration list for PBXProject "Music Player" */;
			compatibilityVersion = "Xcode 9.3";
			developmentRegion = en;
			hasScannedForEncodings = 0;
			knownRegions = (
				en,
				Base,
			);
			mainGroup = D52A44BB226893D30007F603;
			productRefGroup = D52A44C5226893D30007F603 /* Products */;
			projectDirPath = "";
			projectRoot = "";
			targets = (
				D52A44C3226893D30007F603 /* Music Player */,
				D52A44D7226893D40007F603 /* Music PlayerTests */,
				D52A44E2226893D40007F603 /* Music PlayerUITests */,
			);
		};
/* End PBXProject section */

/* Begin PBXResourcesBuildPhase section */
		D52A44C2226893D30007F603 /* Resources */ = {
			isa = PBXResourcesBuildPhase;
			buildActionMask = 2147483647;
			files = (
				D52A44F6226894650007F603 /* crabRavePic.png in Resources */,
				D52A44F82268946C0007F603 /* CrabRave.mp3 in Resources */,
				D52A44D2226893D40007F603 /* LaunchScreen.storyboard in Resources */,
				D52A44CF226893D40007F603 /* Assets.xcassets in Resources */,
				D52A44CD226893D30007F603 /* Main.storyboard in Resources */,
			);
			runOnlyForDeploymentPostprocessing = 0;
		};
		D52A44D6226893D40007F603 /* Resources */ = {
			isa = PBXResourcesBuildPhase;
			buildActionMask = 2147483647;
			files = (
			);
			runOnlyForDeploymentPostprocessing = 0;
		};
		D52A44E1226893D40007F603 /* Resources */ = {
			isa = PBXResourcesBuildPhase;
			buildActionMask = 2147483647;
			files = (
			);
			runOnlyForDeploymentPostprocessing = 0;
		};
/* End PBXResourcesBuildPhase section */

/* Begin PBXSourcesBuildPhase section */
		D52A44C0226893D30007F603 /* Sources */ = {
			isa = PBXSourcesBuildPhase;
			buildActionMask = 2147483647;
			files = (
				D52A44CA226893D30007F603 /* ViewController.swift in Sources */,
				D52A44C8226893D30007F603 /* AppDelegate.swift in Sources */,
			);
			runOnlyForDeploymentPostprocessing = 0;
		};
		D52A44D4226893D40007F603 /* Sources */ = {
			isa = PBXSourcesBuildPhase;
			buildActionMask = 2147483647;
			files = (
				D52A44DD226893D40007F603 /* Music_PlayerTests.swift in Sources */,
			);
			runOnlyForDeploymentPostprocessing = 0;
		};
		D52A44DF226893D40007F603 /* Sources */ = {
			isa = PBXSourcesBuildPhase;
			buildActionMask = 2147483647;
			files = (
				D52A44E8226893D40007F603 /* Music_PlayerUITests.swift in Sources */,
			);
			runOnlyForDeploymentPostprocessing = 0;
		};
/* End PBXSourcesBuildPhase section */

/* Begin PBXTargetDependency section */
		D52A44DA226893D40007F603 /* PBXTargetDependency */ = {
			isa = PBXTargetDependency;
			target = D52A44C3226893D30007F603 /* Music Player */;
			targetProxy = D52A44D9226893D40007F603 /* PBXContainerItemProxy */;
		};
		D52A44E5226893D40007F603 /* PBXTargetDependency */ = {
			isa = PBXTargetDependency;
			target = D52A44C3226893D30007F603 /* Music Player */;
			targetProxy = D52A44E4226893D40007F603 /* PBXContainerItemProxy */;
		};
/* End PBXTargetDependency section */

/* Begin PBXVariantGroup section */
		D52A44CB226893D30007F603 /* Main.storyboard */ = {
			isa = PBXVariantGroup;
			children = (
				D52A44CC226893D30007F603 /* Base */,
			);
			name = Main.storyboard;
			sourceTree = "<group>";
		};
		D52A44D0226893D40007F603 /* LaunchScreen.storyboard */ = {
			isa = PBXVariantGroup;
			children = (
				D52A44D1226893D40007F603 /* Base */,
			);
			name = LaunchScreen.storyboard;
			sourceTree = "<group>";
		};
/* End PBXVariantGroup section */

/* Begin XCBuildConfiguration section */
		D52A44EA226893D40007F603 /* Debug */ = {
			isa = XCBuildConfiguration;
			buildSettings = {
				ALWAYS_SEARCH_USER_PATHS = NO;
				CLANG_ANALYZER_NONNULL = YES;
				CLANG_ANALYZER_NUMBER_OBJECT_CONVERSION = YES_AGGRESSIVE;
				CLANG_CXX_LANGUAGE_STANDARD = "gnu++14";
				CLANG_CXX_LIBRARY = "libc++";
				CLANG_ENABLE_MODULES = YES;
				CLANG_ENABLE_OBJC_ARC = YES;
				CLANG_ENABLE_OBJC_WEAK = YES;
				CLANG_WARN_BLOCK_CAPTURE_AUTORELEASING = YES;
				CLANG_WARN_BOOL_CONVERSION = YES;
				CLANG_WARN_COMMA = YES;
				CLANG_WARN_CONSTANT_CONVERSION = YES;
				CLANG_WARN_DEPRECATED_OBJC_IMPLEMENTATIONS = YES;
				CLANG_WARN_DIRECT_OBJC_ISA_USAGE = YES_ERROR;
				CLANG_WARN_DOCUMENTATION_COMMENTS = YES;
				CLANG_WARN_EMPTY_BODY = YES;
				CLANG_WARN_ENUM_CONVERSION = YES;
				CLANG_WARN_INFINITE_RECURSION = YES;
				CLANG_WARN_INT_CONVERSION = YES;
				CLANG_WARN_NON_LITERAL_NULL_CONVERSION = YES;
				CLANG_WARN_OBJC_IMPLICIT_RETAIN_SELF = YES;
				CLANG_WARN_OBJC_LITERAL_CONVERSION = YES;
				CLANG_WARN_OBJC_ROOT_CLASS = YES_ERROR;
				CLANG_WARN_RANGE_LOOP_ANALYSIS = YES;
				CLANG_WARN_STRICT_PROTOTYPES = YES;
				CLANG_WARN_SUSPICIOUS_MOVE = YES;
				CLANG_WARN_UNGUARDED_AVAILABILITY = YES_AGGRESSIVE;
				CLANG_WARN_UNREACHABLE_CODE = YES;
				CLANG_WARN__DUPLICATE_METHOD_MATCH = YES;
				CODE_SIGN_IDENTITY = "iPhone Developer";
				COPY_PHASE_STRIP = NO;
				DEBUG_INFORMATION_FORMAT = dwarf;
				ENABLE_STRICT_OBJC_MSGSEND = YES;
				ENABLE_TESTABILITY = YES;
				GCC_C_LANGUAGE_STANDARD = gnu11;
				GCC_DYNAMIC_NO_PIC = NO;
				GCC_NO_COMMON_BLOCKS = YES;
				GCC_OPTIMIZATION_LEVEL = 0;
				GCC_PREPROCESSOR_DEFINITIONS = (
					"DEBUG=1",
					"$(inherited)",
				);
				GCC_WARN_64_TO_32_BIT_CONVERSION = YES;
				GCC_WARN_ABOUT_RETURN_TYPE = YES_ERROR;
				GCC_WARN_UNDECLARED_SELECTOR = YES;
				GCC_WARN_UNINITIALIZED_AUTOS = YES_AGGRESSIVE;
				GCC_WARN_UNUSED_FUNCTION = YES;
				GCC_WARN_UNUSED_VARIABLE = YES;
				IPHONEOS_DEPLOYMENT_TARGET = 12.1;
				MTL_ENABLE_DEBUG_INFO = INCLUDE_SOURCE;
				MTL_FAST_MATH = YES;
				ONLY_ACTIVE_ARCH = YES;
				SDKROOT = iphoneos;
				SWIFT_ACTIVE_COMPILATION_CONDITIONS = DEBUG;
				SWIFT_OPTIMIZATION_LEVEL = "-Onone";
			};
			name = Debug;
		};
		D52A44EB226893D40007F603 /* Release */ = {
			isa = XCBuildConfiguration;
			buildSettings = {
				ALWAYS_SEARCH_USER_PATHS = NO;
				CLANG_ANALYZER_NONNULL = YES;
				CLANG_ANALYZER_NUMBER_OBJECT_CONVERSION = YES_AGGRESSIVE;
				CLANG_CXX_LANGUAGE_STANDARD = "gnu++14";
				CLANG_CXX_LIBRARY = "libc++";
				CLANG_ENABLE_MODULES = YES;
				CLANG_ENABLE_OBJC_ARC = YES;
				CLANG_ENABLE_OBJC_WEAK = YES;
				CLANG_WARN_BLOCK_CAPTURE_AUTORELEASING = YES;
				CLANG_WARN_BOOL_CONVERSION = YES;
				CLANG_WARN_COMMA = YES;
				CLANG_WARN_CONSTANT_CONVERSION = YES;
				CLANG_WARN_DEPRECATED_OBJC_IMPLEMENTATIONS = YES;
				CLANG_WARN_DIRECT_OBJC_ISA_USAGE = YES_ERROR;
				CLANG_WARN_DOCUMENTATION_COMMENTS = YES;
				CLANG_WARN_EMPTY_BODY = YES;
				CLANG_WARN_ENUM_CONVERSION = YES;
				CLANG_WARN_INFINITE_RECURSION = YES;
				CLANG_WARN_INT_CONVERSION = YES;
				CLANG_WARN_NON_LITERAL_NULL_CONVERSION = YES;
				CLANG_WARN_OBJC_IMPLICIT_RETAIN_SELF = YES;
				CLANG_WARN_OBJC_LITERAL_CONVERSION = YES;
				CLANG_WARN_OBJC_ROOT_CLASS = YES_ERROR;
				CLANG_WARN_RANGE_LOOP_ANALYSIS = YES;
				CLANG_WARN_STRICT_PROTOTYPES = YES;
				CLANG_WARN_SUSPICIOUS_MOVE = YES;
				CLANG_WARN_UNGUARDED_AVAILABILITY = YES_AGGRESSIVE;
				CLANG_WARN_UNREACHABLE_CODE = YES;
				CLANG_WARN__DUPLICATE_METHOD_MATCH = YES;
				CODE_SIGN_IDENTITY = "iPhone Developer";
				COPY_PHASE_STRIP = NO;
				DEBUG_INFORMATION_FORMAT = "dwarf-with-dsym";
				ENABLE_NS_ASSERTIONS = NO;
				ENABLE_STRICT_OBJC_MSGSEND = YES;
				GCC_C_LANGUAGE_STANDARD = gnu11;
				GCC_NO_COMMON_BLOCKS = YES;
				GCC_WARN_64_TO_32_BIT_CONVERSION = YES;
				GCC_WARN_ABOUT_RETURN_TYPE = YES_ERROR;
				GCC_WARN_UNDECLARED_SELECTOR = YES;
				GCC_WARN_UNINITIALIZED_AUTOS = YES_AGGRESSIVE;
				GCC_WARN_UNUSED_FUNCTION = YES;
				GCC_WARN_UNUSED_VARIABLE = YES;
				IPHONEOS_DEPLOYMENT_TARGET = 12.1;
				MTL_ENABLE_DEBUG_INFO = NO;
				MTL_FAST_MATH = YES;
				SDKROOT = iphoneos;
				SWIFT_COMPILATION_MODE = wholemodule;
				SWIFT_OPTIMIZATION_LEVEL = "-O";
				VALIDATE_PRODUCT = YES;
			};
			name = Release;
		};
		D52A44ED226893D40007F603 /* Debug */ = {
			isa = XCBuildConfiguration;
			buildSettings = {
				ASSETCATALOG_COMPILER_APPICON_NAME = AppIcon;
				CODE_SIGN_STYLE = Automatic;
				DEVELOPMENT_TEAM = 84J39QPGJ4;
				INFOPLIST_FILE = "Music Player/Info.plist";
				LD_RUNPATH_SEARCH_PATHS = (
					"$(inherited)",
					"@executable_path/Frameworks",
				);
				PRODUCT_BUNDLE_IDENTIFIER = "AppThyme.Music-Player";
				PRODUCT_NAME = "$(TARGET_NAME)";
				SWIFT_VERSION = 4.2;
				TARGETED_DEVICE_FAMILY = "1,2";
			};
			name = Debug;
		};
		D52A44EE226893D40007F603 /* Release */ = {
			isa = XCBuildConfiguration;
			buildSettings = {
				ASSETCATALOG_COMPILER_APPICON_NAME = AppIcon;
				CODE_SIGN_STYLE = Automatic;
				DEVELOPMENT_TEAM = 84J39QPGJ4;
				INFOPLIST_FILE = "Music Player/Info.plist";
				LD_RUNPATH_SEARCH_PATHS = (
					"$(inherited)",
					"@executable_path/Frameworks",
				);
				PRODUCT_BUNDLE_IDENTIFIER = "AppThyme.Music-Player";
				PRODUCT_NAME = "$(TARGET_NAME)";
				SWIFT_VERSION = 4.2;
				TARGETED_DEVICE_FAMILY = "1,2";
			};
			name = Release;
		};
		D52A44F0226893D40007F603 /* Debug */ = {
			isa = XCBuildConfiguration;
			buildSettings = {
				ALWAYS_EMBED_SWIFT_STANDARD_LIBRARIES = YES;
				BUNDLE_LOADER = "$(TEST_HOST)";
				CODE_SIGN_STYLE = Automatic;
				DEVELOPMENT_TEAM = 84J39QPGJ4;
				INFOPLIST_FILE = "Music PlayerTests/Info.plist";
				LD_RUNPATH_SEARCH_PATHS = (
					"$(inherited)",
					"@executable_path/Frameworks",
					"@loader_path/Frameworks",
				);
				PRODUCT_BUNDLE_IDENTIFIER = "AppThyme.Music-PlayerTests";
				PRODUCT_NAME = "$(TARGET_NAME)";
				SWIFT_VERSION = 4.2;
				TARGETED_DEVICE_FAMILY = "1,2";
				TEST_HOST = "$(BUILT_PRODUCTS_DIR)/Music Player.app/Music Player";
			};
			name = Debug;
		};
		D52A44F1226893D40007F603 /* Release */ = {
			isa = XCBuildConfiguration;
			buildSettings = {
				ALWAYS_EMBED_SWIFT_STANDARD_LIBRARIES = YES;
				BUNDLE_LOADER = "$(TEST_HOST)";
				CODE_SIGN_STYLE = Automatic;
				DEVELOPMENT_TEAM = 84J39QPGJ4;
				INFOPLIST_FILE = "Music PlayerTests/Info.plist";
				LD_RUNPATH_SEARCH_PATHS = (
					"$(inherited)",
					"@executable_path/Frameworks",
					"@loader_path/Frameworks",
				);
				PRODUCT_BUNDLE_IDENTIFIER = "AppThyme.Music-PlayerTests";
				PRODUCT_NAME = "$(TARGET_NAME)";
				SWIFT_VERSION = 4.2;
				TARGETED_DEVICE_FAMILY = "1,2";
				TEST_HOST = "$(BUILT_PRODUCTS_DIR)/Music Player.app/Music Player";
			};
			name = Release;
		};
		D52A44F3226893D40007F603 /* Debug */ = {
			isa = XCBuildConfiguration;
			buildSettings = {
				ALWAYS_EMBED_SWIFT_STANDARD_LIBRARIES = YES;
				CODE_SIGN_STYLE = Automatic;
				DEVELOPMENT_TEAM = 84J39QPGJ4;
				INFOPLIST_FILE = "Music PlayerUITests/Info.plist";
				LD_RUNPATH_SEARCH_PATHS = (
					"$(inherited)",
					"@executable_path/Frameworks",
					"@loader_path/Frameworks",
				);
				PRODUCT_BUNDLE_IDENTIFIER = "AppThyme.Music-PlayerUITests";
				PRODUCT_NAME = "$(TARGET_NAME)";
				SWIFT_VERSION = 4.2;
				TARGETED_DEVICE_FAMILY = "1,2";
				TEST_TARGET_NAME = "Music Player";
			};
			name = Debug;
		};
		D52A44F4226893D40007F603 /* Release */ = {
			isa = XCBuildConfiguration;
			buildSettings = {
				ALWAYS_EMBED_SWIFT_STANDARD_LIBRARIES = YES;
				CODE_SIGN_STYLE = Automatic;
				DEVELOPMENT_TEAM = 84J39QPGJ4;
				INFOPLIST_FILE = "Music PlayerUITests/Info.plist";
				LD_RUNPATH_SEARCH_PATHS = (
					"$(inherited)",
					"@executable_path/Frameworks",
					"@loader_path/Frameworks",
				);
				PRODUCT_BUNDLE_IDENTIFIER = "AppThyme.Music-PlayerUITests";
				PRODUCT_NAME = "$(TARGET_NAME)";
				SWIFT_VERSION = 4.2;
				TARGETED_DEVICE_FAMILY = "1,2";
				TEST_TARGET_NAME = "Music Player";
			};
			name = Release;
		};
/* End XCBuildConfiguration section */

/* Begin XCConfigurationList section */
		D52A44BF226893D30007F603 /* Build configuration list for PBXProject "Music Player" */ = {
			isa = XCConfigurationList;
			buildConfigurations = (
				D52A44EA226893D40007F603 /* Debug */,
				D52A44EB226893D40007F603 /* Release */,
			);
			defaultConfigurationIsVisible = 0;
			defaultConfigurationName = Release;
		};
		D52A44EC226893D40007F603 /* Build configuration list for PBXNativeTarget "Music Player" */ = {
			isa = XCConfigurationList;
			buildConfigurations = (
				D52A44ED226893D40007F603 /* Debug */,
				D52A44EE226893D40007F603 /* Release */,
			);
			defaultConfigurationIsVisible = 0;
			defaultConfigurationName = Release;
		};
		D52A44EF226893D40007F603 /* Build configuration list for PBXNativeTarget "Music PlayerTests" */ = {
			isa = XCConfigurationList;
			buildConfigurations = (
				D52A44F0226893D40007F603 /* Debug */,
				D52A44F1226893D40007F603 /* Release */,
			);
			defaultConfigurationIsVisible = 0;
			defaultConfigurationName = Release;
		};
		D52A44F2226893D40007F603 /* Build configuration list for PBXNativeTarget "Music PlayerUITests" */ = {
			isa = XCConfigurationList;
			buildConfigurations = (
				D52A44F3226893D40007F603 /* Debug */,
				D52A44F4226893D40007F603 /* Release */,
			);
			defaultConfigurationIsVisible = 0;
			defaultConfigurationName = Release;
		};
/* End XCConfigurationList section */
	};
	rootObject = D52A44BC226893D30007F603 /* Project object */;
}
