// !$*UTF8*$!
{
	archiveVersion = 1;
	classes = {
	};
	objectVersion = 50;
	objects = {

/* Begin PBXBuildFile section */
		D503C68D2259D0DE001D9E3F /* AppDelegate.swift in Sources */ = {isa = PBXBuildFile; fileRef = D503C68C2259D0DE001D9E3F /* AppDelegate.swift */; };
		D503C68F2259D0DE001D9E3F /* ViewController.swift in Sources */ = {isa = PBXBuildFile; fileRef = D503C68E2259D0DE001D9E3F /* ViewController.swift */; };
		D503C6922259D0DE001D9E3F /* Main.storyboard in Resources */ = {isa = PBXBuildFile; fileRef = D503C6902259D0DE001D9E3F /* Main.storyboard */; };
		D503C6942259D0DE001D9E3F /* Assets.xcassets in Resources */ = {isa = PBXBuildFile; fileRef = D503C6932259D0DE001D9E3F /* Assets.xcassets */; };
		D503C6972259D0DE001D9E3F /* LaunchScreen.storyboard in Resources */ = {isa = PBXBuildFile; fileRef = D503C6952259D0DE001D9E3F /* LaunchScreen.storyboard */; };
		D503C6A22259D0DE001D9E3F /* Time_TablesTests.swift in Sources */ = {isa = PBXBuildFile; fileRef = D503C6A12259D0DE001D9E3F /* Time_TablesTests.swift */; };
		D503C6AD2259D0DE001D9E3F /* Time_TablesUITests.swift in Sources */ = {isa = PBXBuildFile; fileRef = D503C6AC2259D0DE001D9E3F /* Time_TablesUITests.swift */; };
/* End PBXBuildFile section */

/* Begin PBXContainerItemProxy section */
		D503C69E2259D0DE001D9E3F /* PBXContainerItemProxy */ = {
			isa = PBXContainerItemProxy;
			containerPortal = D503C6812259D0DD001D9E3F /* Project object */;
			proxyType = 1;
			remoteGlobalIDString = D503C6882259D0DD001D9E3F;
			remoteInfo = "Time Tables";
		};
		D503C6A92259D0DE001D9E3F /* PBXContainerItemProxy */ = {
			isa = PBXContainerItemProxy;
			containerPortal = D503C6812259D0DD001D9E3F /* Project object */;
			proxyType = 1;
			remoteGlobalIDString = D503C6882259D0DD001D9E3F;
			remoteInfo = "Time Tables";
		};
/* End PBXContainerItemProxy section */

/* Begin PBXFileReference section */
		D503C6892259D0DD001D9E3F /* Time Tables.app */ = {isa = PBXFileReference; explicitFileType = wrapper.application; includeInIndex = 0; path = "Time Tables.app"; sourceTree = BUILT_PRODUCTS_DIR; };
		D503C68C2259D0DE001D9E3F /* AppDelegate.swift */ = {isa = PBXFileReference; lastKnownFileType = sourcecode.swift; path = AppDelegate.swift; sourceTree = "<group>"; };
		D503C68E2259D0DE001D9E3F /* ViewController.swift */ = {isa = PBXFileReference; lastKnownFileType = sourcecode.swift; path = ViewController.swift; sourceTree = "<group>"; };
		D503C6912259D0DE001D9E3F /* Base */ = {isa = PBXFileReference; lastKnownFileType = file.storyboard; name = Base; path = Base.lproj/Main.storyboard; sourceTree = "<group>"; };
		D503C6932259D0DE001D9E3F /* Assets.xcassets */ = {isa = PBXFileReference; lastKnownFileType = folder.assetcatalog; path = Assets.xcassets; sourceTree = "<group>"; };
		D503C6962259D0DE001D9E3F /* Base */ = {isa = PBXFileReference; lastKnownFileType = file.storyboard; name = Base; path = Base.lproj/LaunchScreen.storyboard; sourceTree = "<group>"; };
		D503C6982259D0DE001D9E3F /* Info.plist */ = {isa = PBXFileReference; lastKnownFileType = text.plist.xml; path = Info.plist; sourceTree = "<group>"; };
		D503C69D2259D0DE001D9E3F /* Time TablesTests.xctest */ = {isa = PBXFileReference; explicitFileType = wrapper.cfbundle; includeInIndex = 0; path = "Time TablesTests.xctest"; sourceTree = BUILT_PRODUCTS_DIR; };
		D503C6A12259D0DE001D9E3F /* Time_TablesTests.swift */ = {isa = PBXFileReference; lastKnownFileType = sourcecode.swift; path = Time_TablesTests.swift; sourceTree = "<group>"; };
		D503C6A32259D0DE001D9E3F /* Info.plist */ = {isa = PBXFileReference; lastKnownFileType = text.plist.xml; path = Info.plist; sourceTree = "<group>"; };
		D503C6A82259D0DE001D9E3F /* Time TablesUITests.xctest */ = {isa = PBXFileReference; explicitFileType = wrapper.cfbundle; includeInIndex = 0; path = "Time TablesUITests.xctest"; sourceTree = BUILT_PRODUCTS_DIR; };
		D503C6AC2259D0DE001D9E3F /* Time_TablesUITests.swift */ = {isa = PBXFileReference; lastKnownFileType = sourcecode.swift; path = Time_TablesUITests.swift; sourceTree = "<group>"; };
		D503C6AE2259D0DE001D9E3F /* Info.plist */ = {isa = PBXFileReference; lastKnownFileType = text.plist.xml; path = Info.plist; sourceTree = "<group>"; };
/* End PBXFileReference section */

/* Begin PBXFrameworksBuildPhase section */
		D503C6862259D0DD001D9E3F /* Frameworks */ = {
			isa = PBXFrameworksBuildPhase;
			buildActionMask = 2147483647;
			files = (
			);
			runOnlyForDeploymentPostprocessing = 0;
		};
		D503C69A2259D0DE001D9E3F /* Frameworks */ = {
			isa = PBXFrameworksBuildPhase;
			buildActionMask = 2147483647;
			files = (
			);
			runOnlyForDeploymentPostprocessing = 0;
		};
		D503C6A52259D0DE001D9E3F /* Frameworks */ = {
			isa = PBXFrameworksBuildPhase;
			buildActionMask = 2147483647;
			files = (
			);
			runOnlyForDeploymentPostprocessing = 0;
		};
/* End PBXFrameworksBuildPhase section */

/* Begin PBXGroup section */
		D503C6802259D0DD001D9E3F = {
			isa = PBXGroup;
			children = (
				D503C68B2259D0DD001D9E3F /* Time Tables */,
				D503C6A02259D0DE001D9E3F /* Time TablesTests */,
				D503C6AB2259D0DE001D9E3F /* Time TablesUITests */,
				D503C68A2259D0DD001D9E3F /* Products */,
			);
			sourceTree = "<group>";
		};
		D503C68A2259D0DD001D9E3F /* Products */ = {
			isa = PBXGroup;
			children = (
				D503C6892259D0DD001D9E3F /* Time Tables.app */,
				D503C69D2259D0DE001D9E3F /* Time TablesTests.xctest */,
				D503C6A82259D0DE001D9E3F /* Time TablesUITests.xctest */,
			);
			name = Products;
			sourceTree = "<group>";
		};
		D503C68B2259D0DD001D9E3F /* Time Tables */ = {
			isa = PBXGroup;
			children = (
				D503C68C2259D0DE001D9E3F /* AppDelegate.swift */,
				D503C68E2259D0DE001D9E3F /* ViewController.swift */,
				D503C6902259D0DE001D9E3F /* Main.storyboard */,
				D503C6932259D0DE001D9E3F /* Assets.xcassets */,
				D503C6952259D0DE001D9E3F /* LaunchScreen.storyboard */,
				D503C6982259D0DE001D9E3F /* Info.plist */,
			);
			path = "Time Tables";
			sourceTree = "<group>";
		};
		D503C6A02259D0DE001D9E3F /* Time TablesTests */ = {
			isa = PBXGroup;
			children = (
				D503C6A12259D0DE001D9E3F /* Time_TablesTests.swift */,
				D503C6A32259D0DE001D9E3F /* Info.plist */,
			);
			path = "Time TablesTests";
			sourceTree = "<group>";
		};
		D503C6AB2259D0DE001D9E3F /* Time TablesUITests */ = {
			isa = PBXGroup;
			children = (
				D503C6AC2259D0DE001D9E3F /* Time_TablesUITests.swift */,
				D503C6AE2259D0DE001D9E3F /* Info.plist */,
			);
			path = "Time TablesUITests";
			sourceTree = "<group>";
		};
/* End PBXGroup section */

/* Begin PBXNativeTarget section */
		D503C6882259D0DD001D9E3F /* Time Tables */ = {
			isa = PBXNativeTarget;
			buildConfigurationList = D503C6B12259D0DE001D9E3F /* Build configuration list for PBXNativeTarget "Time Tables" */;
			buildPhases = (
				D503C6852259D0DD001D9E3F /* Sources */,
				D503C6862259D0DD001D9E3F /* Frameworks */,
				D503C6872259D0DD001D9E3F /* Resources */,
			);
			buildRules = (
			);
			dependencies = (
			);
			name = "Time Tables";
			productName = "Time Tables";
			productReference = D503C6892259D0DD001D9E3F /* Time Tables.app */;
			productType = "com.apple.product-type.application";
		};
		D503C69C2259D0DE001D9E3F /* Time TablesTests */ = {
			isa = PBXNativeTarget;
			buildConfigurationList = D503C6B42259D0DE001D9E3F /* Build configuration list for PBXNativeTarget "Time TablesTests" */;
			buildPhases = (
				D503C6992259D0DE001D9E3F /* Sources */,
				D503C69A2259D0DE001D9E3F /* Frameworks */,
				D503C69B2259D0DE001D9E3F /* Resources */,
			);
			buildRules = (
			);
			dependencies = (
				D503C69F2259D0DE001D9E3F /* PBXTargetDependency */,
			);
			name = "Time TablesTests";
			productName = "Time TablesTests";
			productReference = D503C69D2259D0DE001D9E3F /* Time TablesTests.xctest */;
			productType = "com.apple.product-type.bundle.unit-test";
		};
		D503C6A72259D0DE001D9E3F /* Time TablesUITests */ = {
			isa = PBXNativeTarget;
			buildConfigurationList = D503C6B72259D0DE001D9E3F /* Build configuration list for PBXNativeTarget "Time TablesUITests" */;
			buildPhases = (
				D503C6A42259D0DE001D9E3F /* Sources */,
				D503C6A52259D0DE001D9E3F /* Frameworks */,
				D503C6A62259D0DE001D9E3F /* Resources */,
			);
			buildRules = (
			);
			dependencies = (
				D503C6AA2259D0DE001D9E3F /* PBXTargetDependency */,
			);
			name = "Time TablesUITests";
			productName = "Time TablesUITests";
			productReference = D503C6A82259D0DE001D9E3F /* Time TablesUITests.xctest */;
			productType = "com.apple.product-type.bundle.ui-testing";
		};
/* End PBXNativeTarget section */

/* Begin PBXProject section */
		D503C6812259D0DD001D9E3F /* Project object */ = {
			isa = PBXProject;
			attributes = {
				LastSwiftUpdateCheck = 1010;
				LastUpgradeCheck = 1010;
				ORGANIZATIONNAME = Thyme;
				TargetAttributes = {
					D503C6882259D0DD001D9E3F = {
						CreatedOnToolsVersion = 10.1;
					};
					D503C69C2259D0DE001D9E3F = {
						CreatedOnToolsVersion = 10.1;
						TestTargetID = D503C6882259D0DD001D9E3F;
					};
					D503C6A72259D0DE001D9E3F = {
						CreatedOnToolsVersion = 10.1;
						TestTargetID = D503C6882259D0DD001D9E3F;
					};
				};
			};
			buildConfigurationList = D503C6842259D0DD001D9E3F /* Build configuration list for PBXProject "Time Tables" */;
			compatibilityVersion = "Xcode 9.3";
			developmentRegion = en;
			hasScannedForEncodings = 0;
			knownRegions = (
				en,
				Base,
			);
			mainGroup = D503C6802259D0DD001D9E3F;
			productRefGroup = D503C68A2259D0DD001D9E3F /* Products */;
			projectDirPath = "";
			projectRoot = "";
			targets = (
				D503C6882259D0DD001D9E3F /* Time Tables */,
				D503C69C2259D0DE001D9E3F /* Time TablesTests */,
				D503C6A72259D0DE001D9E3F /* Time TablesUITests */,
			);
		};
/* End PBXProject section */

/* Begin PBXResourcesBuildPhase section */
		D503C6872259D0DD001D9E3F /* Resources */ = {
			isa = PBXResourcesBuildPhase;
			buildActionMask = 2147483647;
			files = (
				D503C6972259D0DE001D9E3F /* LaunchScreen.storyboard in Resources */,
				D503C6942259D0DE001D9E3F /* Assets.xcassets in Resources */,
				D503C6922259D0DE001D9E3F /* Main.storyboard in Resources */,
			);
			runOnlyForDeploymentPostprocessing = 0;
		};
		D503C69B2259D0DE001D9E3F /* Resources */ = {
			isa = PBXResourcesBuildPhase;
			buildActionMask = 2147483647;
			files = (
			);
			runOnlyForDeploymentPostprocessing = 0;
		};
		D503C6A62259D0DE001D9E3F /* Resources */ = {
			isa = PBXResourcesBuildPhase;
			buildActionMask = 2147483647;
			files = (
			);
			runOnlyForDeploymentPostprocessing = 0;
		};
/* End PBXResourcesBuildPhase section */

/* Begin PBXSourcesBuildPhase section */
		D503C6852259D0DD001D9E3F /* Sources */ = {
			isa = PBXSourcesBuildPhase;
			buildActionMask = 2147483647;
			files = (
				D503C68F2259D0DE001D9E3F /* ViewController.swift in Sources */,
				D503C68D2259D0DE001D9E3F /* AppDelegate.swift in Sources */,
			);
			runOnlyForDeploymentPostprocessing = 0;
		};
		D503C6992259D0DE001D9E3F /* Sources */ = {
			isa = PBXSourcesBuildPhase;
			buildActionMask = 2147483647;
			files = (
				D503C6A22259D0DE001D9E3F /* Time_TablesTests.swift in Sources */,
			);
			runOnlyForDeploymentPostprocessing = 0;
		};
		D503C6A42259D0DE001D9E3F /* Sources */ = {
			isa = PBXSourcesBuildPhase;
			buildActionMask = 2147483647;
			files = (
				D503C6AD2259D0DE001D9E3F /* Time_TablesUITests.swift in Sources */,
			);
			runOnlyForDeploymentPostprocessing = 0;
		};
/* End PBXSourcesBuildPhase section */

/* Begin PBXTargetDependency section */
		D503C69F2259D0DE001D9E3F /* PBXTargetDependency */ = {
			isa = PBXTargetDependency;
			target = D503C6882259D0DD001D9E3F /* Time Tables */;
			targetProxy = D503C69E2259D0DE001D9E3F /* PBXContainerItemProxy */;
		};
		D503C6AA2259D0DE001D9E3F /* PBXTargetDependency */ = {
			isa = PBXTargetDependency;
			target = D503C6882259D0DD001D9E3F /* Time Tables */;
			targetProxy = D503C6A92259D0DE001D9E3F /* PBXContainerItemProxy */;
		};
/* End PBXTargetDependency section */

/* Begin PBXVariantGroup section */
		D503C6902259D0DE001D9E3F /* Main.storyboard */ = {
			isa = PBXVariantGroup;
			children = (
				D503C6912259D0DE001D9E3F /* Base */,
			);
			name = Main.storyboard;
			sourceTree = "<group>";
		};
		D503C6952259D0DE001D9E3F /* LaunchScreen.storyboard */ = {
			isa = PBXVariantGroup;
			children = (
				D503C6962259D0DE001D9E3F /* Base */,
			);
			name = LaunchScreen.storyboard;
			sourceTree = "<group>";
		};
/* End PBXVariantGroup section */

/* Begin XCBuildConfiguration section */
		D503C6AF2259D0DE001D9E3F /* Debug */ = {
			isa = XCBuildConfiguration;
			buildSettings = {
				ALWAYS_SEARCH_USER_PATHS = NO;
				CLANG_ANALYZER_NONNULL = YES;
				CLANG_ANALYZER_NUMBER_OBJECT_CONVERSION = YES_AGGRESSIVE;
				CLANG_CXX_LANGUAGE_STANDARD = "gnu++14";
				CLANG_CXX_LIBRARY = "libc++";
				CLANG_ENABLE_MODULES = YES;
				CLANG_ENABLE_OBJC_ARC = YES;
				CLANG_ENABLE_OBJC_WEAK = YES;
				CLANG_WARN_BLOCK_CAPTURE_AUTORELEASING = YES;
				CLANG_WARN_BOOL_CONVERSION = YES;
				CLANG_WARN_COMMA = YES;
				CLANG_WARN_CONSTANT_CONVERSION = YES;
				CLANG_WARN_DEPRECATED_OBJC_IMPLEMENTATIONS = YES;
				CLANG_WARN_DIRECT_OBJC_ISA_USAGE = YES_ERROR;
				CLANG_WARN_DOCUMENTATION_COMMENTS = YES;
				CLANG_WARN_EMPTY_BODY = YES;
				CLANG_WARN_ENUM_CONVERSION = YES;
				CLANG_WARN_INFINITE_RECURSION = YES;
				CLANG_WARN_INT_CONVERSION = YES;
				CLANG_WARN_NON_LITERAL_NULL_CONVERSION = YES;
				CLANG_WARN_OBJC_IMPLICIT_RETAIN_SELF = YES;
				CLANG_WARN_OBJC_LITERAL_CONVERSION = YES;
				CLANG_WARN_OBJC_ROOT_CLASS = YES_ERROR;
				CLANG_WARN_RANGE_LOOP_ANALYSIS = YES;
				CLANG_WARN_STRICT_PROTOTYPES = YES;
				CLANG_WARN_SUSPICIOUS_MOVE = YES;
				CLANG_WARN_UNGUARDED_AVAILABILITY = YES_AGGRESSIVE;
				CLANG_WARN_UNREACHABLE_CODE = YES;
				CLANG_WARN__DUPLICATE_METHOD_MATCH = YES;
				CODE_SIGN_IDENTITY = "iPhone Developer";
				COPY_PHASE_STRIP = NO;
				DEBUG_INFORMATION_FORMAT = dwarf;
				ENABLE_STRICT_OBJC_MSGSEND = YES;
				ENABLE_TESTABILITY = YES;
				GCC_C_LANGUAGE_STANDARD = gnu11;
				GCC_DYNAMIC_NO_PIC = NO;
				GCC_NO_COMMON_BLOCKS = YES;
				GCC_OPTIMIZATION_LEVEL = 0;
				GCC_PREPROCESSOR_DEFINITIONS = (
					"DEBUG=1",
					"$(inherited)",
				);
				GCC_WARN_64_TO_32_BIT_CONVERSION = YES;
				GCC_WARN_ABOUT_RETURN_TYPE = YES_ERROR;
				GCC_WARN_UNDECLARED_SELECTOR = YES;
				GCC_WARN_UNINITIALIZED_AUTOS = YES_AGGRESSIVE;
				GCC_WARN_UNUSED_FUNCTION = YES;
				GCC_WARN_UNUSED_VARIABLE = YES;
				IPHONEOS_DEPLOYMENT_TARGET = 12.1;
				MTL_ENABLE_DEBUG_INFO = INCLUDE_SOURCE;
				MTL_FAST_MATH = YES;
				ONLY_ACTIVE_ARCH = YES;
				SDKROOT = iphoneos;
				SWIFT_ACTIVE_COMPILATION_CONDITIONS = DEBUG;
				SWIFT_OPTIMIZATION_LEVEL = "-Onone";
			};
			name = Debug;
		};
		D503C6B02259D0DE001D9E3F /* Release */ = {
			isa = XCBuildConfiguration;
			buildSettings = {
				ALWAYS_SEARCH_USER_PATHS = NO;
				CLANG_ANALYZER_NONNULL = YES;
				CLANG_ANALYZER_NUMBER_OBJECT_CONVERSION = YES_AGGRESSIVE;
				CLANG_CXX_LANGUAGE_STANDARD = "gnu++14";
				CLANG_CXX_LIBRARY = "libc++";
				CLANG_ENABLE_MODULES = YES;
				CLANG_ENABLE_OBJC_ARC = YES;
				CLANG_ENABLE_OBJC_WEAK = YES;
				CLANG_WARN_BLOCK_CAPTURE_AUTORELEASING = YES;
				CLANG_WARN_BOOL_CONVERSION = YES;
				CLANG_WARN_COMMA = YES;
				CLANG_WARN_CONSTANT_CONVERSION = YES;
				CLANG_WARN_DEPRECATED_OBJC_IMPLEMENTATIONS = YES;
				CLANG_WARN_DIRECT_OBJC_ISA_USAGE = YES_ERROR;
				CLANG_WARN_DOCUMENTATION_COMMENTS = YES;
				CLANG_WARN_EMPTY_BODY = YES;
				CLANG_WARN_ENUM_CONVERSION = YES;
				CLANG_WARN_INFINITE_RECURSION = YES;
				CLANG_WARN_INT_CONVERSION = YES;
				CLANG_WARN_NON_LITERAL_NULL_CONVERSION = YES;
				CLANG_WARN_OBJC_IMPLICIT_RETAIN_SELF = YES;
				CLANG_WARN_OBJC_LITERAL_CONVERSION = YES;
				CLANG_WARN_OBJC_ROOT_CLASS = YES_ERROR;
				CLANG_WARN_RANGE_LOOP_ANALYSIS = YES;
				CLANG_WARN_STRICT_PROTOTYPES = YES;
				CLANG_WARN_SUSPICIOUS_MOVE = YES;
				CLANG_WARN_UNGUARDED_AVAILABILITY = YES_AGGRESSIVE;
				CLANG_WARN_UNREACHABLE_CODE = YES;
				CLANG_WARN__DUPLICATE_METHOD_MATCH = YES;
				CODE_SIGN_IDENTITY = "iPhone Developer";
				COPY_PHASE_STRIP = NO;
				DEBUG_INFORMATION_FORMAT = "dwarf-with-dsym";
				ENABLE_NS_ASSERTIONS = NO;
				ENABLE_STRICT_OBJC_MSGSEND = YES;
				GCC_C_LANGUAGE_STANDARD = gnu11;
				GCC_NO_COMMON_BLOCKS = YES;
				GCC_WARN_64_TO_32_BIT_CONVERSION = YES;
				GCC_WARN_ABOUT_RETURN_TYPE = YES_ERROR;
				GCC_WARN_UNDECLARED_SELECTOR = YES;
				GCC_WARN_UNINITIALIZED_AUTOS = YES_AGGRESSIVE;
				GCC_WARN_UNUSED_FUNCTION = YES;
				GCC_WARN_UNUSED_VARIABLE = YES;
				IPHONEOS_DEPLOYMENT_TARGET = 12.1;
				MTL_ENABLE_DEBUG_INFO = NO;
				MTL_FAST_MATH = YES;
				SDKROOT = iphoneos;
				SWIFT_COMPILATION_MODE = wholemodule;
				SWIFT_OPTIMIZATION_LEVEL = "-O";
				VALIDATE_PRODUCT = YES;
			};
			name = Release;
		};
		D503C6B22259D0DE001D9E3F /* Debug */ = {
			isa = XCBuildConfiguration;
			buildSettings = {
				ASSETCATALOG_COMPILER_APPICON_NAME = AppIcon;
				CODE_SIGN_STYLE = Automatic;
				DEVELOPMENT_TEAM = 84J39QPGJ4;
				INFOPLIST_FILE = "Time Tables/Info.plist";
				LD_RUNPATH_SEARCH_PATHS = (
					"$(inherited)",
					"@executable_path/Frameworks",
				);
				PRODUCT_BUNDLE_IDENTIFIER = "AppThyme.Time-Tables";
				PRODUCT_NAME = "$(TARGET_NAME)";
				SWIFT_VERSION = 4.2;
				TARGETED_DEVICE_FAMILY = "1,2";
			};
			name = Debug;
		};
		D503C6B32259D0DE001D9E3F /* Release */ = {
			isa = XCBuildConfiguration;
			buildSettings = {
				ASSETCATALOG_COMPILER_APPICON_NAME = AppIcon;
				CODE_SIGN_STYLE = Automatic;
				DEVELOPMENT_TEAM = 84J39QPGJ4;
				INFOPLIST_FILE = "Time Tables/Info.plist";
				LD_RUNPATH_SEARCH_PATHS = (
					"$(inherited)",
					"@executable_path/Frameworks",
				);
				PRODUCT_BUNDLE_IDENTIFIER = "AppThyme.Time-Tables";
				PRODUCT_NAME = "$(TARGET_NAME)";
				SWIFT_VERSION = 4.2;
				TARGETED_DEVICE_FAMILY = "1,2";
			};
			name = Release;
		};
		D503C6B52259D0DE001D9E3F /* Debug */ = {
			isa = XCBuildConfiguration;
			buildSettings = {
				ALWAYS_EMBED_SWIFT_STANDARD_LIBRARIES = YES;
				BUNDLE_LOADER = "$(TEST_HOST)";
				CODE_SIGN_STYLE = Automatic;
				DEVELOPMENT_TEAM = 84J39QPGJ4;
				INFOPLIST_FILE = "Time TablesTests/Info.plist";
				LD_RUNPATH_SEARCH_PATHS = (
					"$(inherited)",
					"@executable_path/Frameworks",
					"@loader_path/Frameworks",
				);
				PRODUCT_BUNDLE_IDENTIFIER = "AppThyme.Time-TablesTests";
				PRODUCT_NAME = "$(TARGET_NAME)";
				SWIFT_VERSION = 4.2;
				TARGETED_DEVICE_FAMILY = "1,2";
				TEST_HOST = "$(BUILT_PRODUCTS_DIR)/Time Tables.app/Time Tables";
			};
			name = Debug;
		};
		D503C6B62259D0DE001D9E3F /* Release */ = {
			isa = XCBuildConfiguration;
			buildSettings = {
				ALWAYS_EMBED_SWIFT_STANDARD_LIBRARIES = YES;
				BUNDLE_LOADER = "$(TEST_HOST)";
				CODE_SIGN_STYLE = Automatic;
				DEVELOPMENT_TEAM = 84J39QPGJ4;
				INFOPLIST_FILE = "Time TablesTests/Info.plist";
				LD_RUNPATH_SEARCH_PATHS = (
					"$(inherited)",
					"@executable_path/Frameworks",
					"@loader_path/Frameworks",
				);
				PRODUCT_BUNDLE_IDENTIFIER = "AppThyme.Time-TablesTests";
				PRODUCT_NAME = "$(TARGET_NAME)";
				SWIFT_VERSION = 4.2;
				TARGETED_DEVICE_FAMILY = "1,2";
				TEST_HOST = "$(BUILT_PRODUCTS_DIR)/Time Tables.app/Time Tables";
			};
			name = Release;
		};
		D503C6B82259D0DE001D9E3F /* Debug */ = {
			isa = XCBuildConfiguration;
			buildSettings = {
				ALWAYS_EMBED_SWIFT_STANDARD_LIBRARIES = YES;
				CODE_SIGN_STYLE = Automatic;
				DEVELOPMENT_TEAM = 84J39QPGJ4;
				INFOPLIST_FILE = "Time TablesUITests/Info.plist";
				LD_RUNPATH_SEARCH_PATHS = (
					"$(inherited)",
					"@executable_path/Frameworks",
					"@loader_path/Frameworks",
				);
				PRODUCT_BUNDLE_IDENTIFIER = "AppThyme.Time-TablesUITests";
				PRODUCT_NAME = "$(TARGET_NAME)";
				SWIFT_VERSION = 4.2;
				TARGETED_DEVICE_FAMILY = "1,2";
				TEST_TARGET_NAME = "Time Tables";
			};
			name = Debug;
		};
		D503C6B92259D0DE001D9E3F /* Release */ = {
			isa = XCBuildConfiguration;
			buildSettings = {
				ALWAYS_EMBED_SWIFT_STANDARD_LIBRARIES = YES;
				CODE_SIGN_STYLE = Automatic;
				DEVELOPMENT_TEAM = 84J39QPGJ4;
				INFOPLIST_FILE = "Time TablesUITests/Info.plist";
				LD_RUNPATH_SEARCH_PATHS = (
					"$(inherited)",
					"@executable_path/Frameworks",
					"@loader_path/Frameworks",
				);
				PRODUCT_BUNDLE_IDENTIFIER = "AppThyme.Time-TablesUITests";
				PRODUCT_NAME = "$(TARGET_NAME)";
				SWIFT_VERSION = 4.2;
				TARGETED_DEVICE_FAMILY = "1,2";
				TEST_TARGET_NAME = "Time Tables";
			};
			name = Release;
		};
/* End XCBuildConfiguration section */

/* Begin XCConfigurationList section */
		D503C6842259D0DD001D9E3F /* Build configuration list for PBXProject "Time Tables" */ = {
			isa = XCConfigurationList;
			buildConfigurations = (
				D503C6AF2259D0DE001D9E3F /* Debug */,
				D503C6B02259D0DE001D9E3F /* Release */,
			);
			defaultConfigurationIsVisible = 0;
			defaultConfigurationName = Release;
		};
		D503C6B12259D0DE001D9E3F /* Build configuration list for PBXNativeTarget "Time Tables" */ = {
			isa = XCConfigurationList;
			buildConfigurations = (
				D503C6B22259D0DE001D9E3F /* Debug */,
				D503C6B32259D0DE001D9E3F /* Release */,
			);
			defaultConfigurationIsVisible = 0;
			defaultConfigurationName = Release;
		};
		D503C6B42259D0DE001D9E3F /* Build configuration list for PBXNativeTarget "Time TablesTests" */ = {
			isa = XCConfigurationList;
			buildConfigurations = (
				D503C6B52259D0DE001D9E3F /* Debug */,
				D503C6B62259D0DE001D9E3F /* Release */,
			);
			defaultConfigurationIsVisible = 0;
			defaultConfigurationName = Release;
		};
		D503C6B72259D0DE001D9E3F /* Build configuration list for PBXNativeTarget "Time TablesUITests" */ = {
			isa = XCConfigurationList;
			buildConfigurations = (
				D503C6B82259D0DE001D9E3F /* Debug */,
				D503C6B92259D0DE001D9E3F /* Release */,
			);
			defaultConfigurationIsVisible = 0;
			defaultConfigurationName = Release;
		};
/* End XCConfigurationList section */
	};
	rootObject = D503C6812259D0DD001D9E3F /* Project object */;
}
