// !$*UTF8*$!
{
	archiveVersion = 1;
	classes = {
	};
	objectVersion = 50;
	objects = {

/* Begin PBXBuildFile section */
		D52BC23B2265EC2C00F06BDC /* AppDelegate.swift in Sources */ = {isa = PBXBuildFile; fileRef = D52BC23A2265EC2C00F06BDC /* AppDelegate.swift */; };
		D52BC23D2265EC2C00F06BDC /* ViewController.swift in Sources */ = {isa = PBXBuildFile; fileRef = D52BC23C2265EC2C00F06BDC /* ViewController.swift */; };
		D52BC2402265EC2C00F06BDC /* Main.storyboard in Resources */ = {isa = PBXBuildFile; fileRef = D52BC23E2265EC2C00F06BDC /* Main.storyboard */; };
		D52BC2422265EC3000F06BDC /* Assets.xcassets in Resources */ = {isa = PBXBuildFile; fileRef = D52BC2412265EC3000F06BDC /* Assets.xcassets */; };
		D52BC2452265EC3000F06BDC /* LaunchScreen.storyboard in Resources */ = {isa = PBXBuildFile; fileRef = D52BC2432265EC3000F06BDC /* LaunchScreen.storyboard */; };
		D52BC2502265EC3000F06BDC /* MapsTests.swift in Sources */ = {isa = PBXBuildFile; fileRef = D52BC24F2265EC3000F06BDC /* MapsTests.swift */; };
		D52BC25B2265EC3000F06BDC /* MapsUITests.swift in Sources */ = {isa = PBXBuildFile; fileRef = D52BC25A2265EC3000F06BDC /* MapsUITests.swift */; };
/* End PBXBuildFile section */

/* Begin PBXContainerItemProxy section */
		D52BC24C2265EC3000F06BDC /* PBXContainerItemProxy */ = {
			isa = PBXContainerItemProxy;
			containerPortal = D52BC22F2265EC2C00F06BDC /* Project object */;
			proxyType = 1;
			remoteGlobalIDString = D52BC2362265EC2C00F06BDC;
			remoteInfo = Maps;
		};
		D52BC2572265EC3000F06BDC /* PBXContainerItemProxy */ = {
			isa = PBXContainerItemProxy;
			containerPortal = D52BC22F2265EC2C00F06BDC /* Project object */;
			proxyType = 1;
			remoteGlobalIDString = D52BC2362265EC2C00F06BDC;
			remoteInfo = Maps;
		};
/* End PBXContainerItemProxy section */

/* Begin PBXFileReference section */
		D52BC2372265EC2C00F06BDC /* Maps.app */ = {isa = PBXFileReference; explicitFileType = wrapper.application; includeInIndex = 0; path = Maps.app; sourceTree = BUILT_PRODUCTS_DIR; };
		D52BC23A2265EC2C00F06BDC /* AppDelegate.swift */ = {isa = PBXFileReference; lastKnownFileType = sourcecode.swift; path = AppDelegate.swift; sourceTree = "<group>"; };
		D52BC23C2265EC2C00F06BDC /* ViewController.swift */ = {isa = PBXFileReference; lastKnownFileType = sourcecode.swift; path = ViewController.swift; sourceTree = "<group>"; };
		D52BC23F2265EC2C00F06BDC /* Base */ = {isa = PBXFileReference; lastKnownFileType = file.storyboard; name = Base; path = Base.lproj/Main.storyboard; sourceTree = "<group>"; };
		D52BC2412265EC3000F06BDC /* Assets.xcassets */ = {isa = PBXFileReference; lastKnownFileType = folder.assetcatalog; path = Assets.xcassets; sourceTree = "<group>"; };
		D52BC2442265EC3000F06BDC /* Base */ = {isa = PBXFileReference; lastKnownFileType = file.storyboard; name = Base; path = Base.lproj/LaunchScreen.storyboard; sourceTree = "<group>"; };
		D52BC2462265EC3000F06BDC /* Info.plist */ = {isa = PBXFileReference; lastKnownFileType = text.plist.xml; path = Info.plist; sourceTree = "<group>"; };
		D52BC24B2265EC3000F06BDC /* MapsTests.xctest */ = {isa = PBXFileReference; explicitFileType = wrapper.cfbundle; includeInIndex = 0; path = MapsTests.xctest; sourceTree = BUILT_PRODUCTS_DIR; };
		D52BC24F2265EC3000F06BDC /* MapsTests.swift */ = {isa = PBXFileReference; lastKnownFileType = sourcecode.swift; path = MapsTests.swift; sourceTree = "<group>"; };
		D52BC2512265EC3000F06BDC /* Info.plist */ = {isa = PBXFileReference; lastKnownFileType = text.plist.xml; path = Info.plist; sourceTree = "<group>"; };
		D52BC2562265EC3000F06BDC /* MapsUITests.xctest */ = {isa = PBXFileReference; explicitFileType = wrapper.cfbundle; includeInIndex = 0; path = MapsUITests.xctest; sourceTree = BUILT_PRODUCTS_DIR; };
		D52BC25A2265EC3000F06BDC /* MapsUITests.swift */ = {isa = PBXFileReference; lastKnownFileType = sourcecode.swift; path = MapsUITests.swift; sourceTree = "<group>"; };
		D52BC25C2265EC3000F06BDC /* Info.plist */ = {isa = PBXFileReference; lastKnownFileType = text.plist.xml; path = Info.plist; sourceTree = "<group>"; };
/* End PBXFileReference section */

/* Begin PBXFrameworksBuildPhase section */
		D52BC2342265EC2C00F06BDC /* Frameworks */ = {
			isa = PBXFrameworksBuildPhase;
			buildActionMask = 2147483647;
			files = (
			);
			runOnlyForDeploymentPostprocessing = 0;
		};
		D52BC2482265EC3000F06BDC /* Frameworks */ = {
			isa = PBXFrameworksBuildPhase;
			buildActionMask = 2147483647;
			files = (
			);
			runOnlyForDeploymentPostprocessing = 0;
		};
		D52BC2532265EC3000F06BDC /* Frameworks */ = {
			isa = PBXFrameworksBuildPhase;
			buildActionMask = 2147483647;
			files = (
			);
			runOnlyForDeploymentPostprocessing = 0;
		};
/* End PBXFrameworksBuildPhase section */

/* Begin PBXGroup section */
		D52BC22E2265EC2C00F06BDC = {
			isa = PBXGroup;
			children = (
				D52BC2392265EC2C00F06BDC /* Maps */,
				D52BC24E2265EC3000F06BDC /* MapsTests */,
				D52BC2592265EC3000F06BDC /* MapsUITests */,
				D52BC2382265EC2C00F06BDC /* Products */,
			);
			sourceTree = "<group>";
		};
		D52BC2382265EC2C00F06BDC /* Products */ = {
			isa = PBXGroup;
			children = (
				D52BC2372265EC2C00F06BDC /* Maps.app */,
				D52BC24B2265EC3000F06BDC /* MapsTests.xctest */,
				D52BC2562265EC3000F06BDC /* MapsUITests.xctest */,
			);
			name = Products;
			sourceTree = "<group>";
		};
		D52BC2392265EC2C00F06BDC /* Maps */ = {
			isa = PBXGroup;
			children = (
				D52BC23A2265EC2C00F06BDC /* AppDelegate.swift */,
				D52BC23C2265EC2C00F06BDC /* ViewController.swift */,
				D52BC23E2265EC2C00F06BDC /* Main.storyboard */,
				D52BC2412265EC3000F06BDC /* Assets.xcassets */,
				D52BC2432265EC3000F06BDC /* LaunchScreen.storyboard */,
				D52BC2462265EC3000F06BDC /* Info.plist */,
			);
			path = Maps;
			sourceTree = "<group>";
		};
		D52BC24E2265EC3000F06BDC /* MapsTests */ = {
			isa = PBXGroup;
			children = (
				D52BC24F2265EC3000F06BDC /* MapsTests.swift */,
				D52BC2512265EC3000F06BDC /* Info.plist */,
			);
			path = MapsTests;
			sourceTree = "<group>";
		};
		D52BC2592265EC3000F06BDC /* MapsUITests */ = {
			isa = PBXGroup;
			children = (
				D52BC25A2265EC3000F06BDC /* MapsUITests.swift */,
				D52BC25C2265EC3000F06BDC /* Info.plist */,
			);
			path = MapsUITests;
			sourceTree = "<group>";
		};
/* End PBXGroup section */

/* Begin PBXNativeTarget section */
		D52BC2362265EC2C00F06BDC /* Maps */ = {
			isa = PBXNativeTarget;
			buildConfigurationList = D52BC25F2265EC3000F06BDC /* Build configuration list for PBXNativeTarget "Maps" */;
			buildPhases = (
				D52BC2332265EC2C00F06BDC /* Sources */,
				D52BC2342265EC2C00F06BDC /* Frameworks */,
				D52BC2352265EC2C00F06BDC /* Resources */,
			);
			buildRules = (
			);
			dependencies = (
			);
			name = Maps;
			productName = Maps;
			productReference = D52BC2372265EC2C00F06BDC /* Maps.app */;
			productType = "com.apple.product-type.application";
		};
		D52BC24A2265EC3000F06BDC /* MapsTests */ = {
			isa = PBXNativeTarget;
			buildConfigurationList = D52BC2622265EC3000F06BDC /* Build configuration list for PBXNativeTarget "MapsTests" */;
			buildPhases = (
				D52BC2472265EC3000F06BDC /* Sources */,
				D52BC2482265EC3000F06BDC /* Frameworks */,
				D52BC2492265EC3000F06BDC /* Resources */,
			);
			buildRules = (
			);
			dependencies = (
				D52BC24D2265EC3000F06BDC /* PBXTargetDependency */,
			);
			name = MapsTests;
			productName = MapsTests;
			productReference = D52BC24B2265EC3000F06BDC /* MapsTests.xctest */;
			productType = "com.apple.product-type.bundle.unit-test";
		};
		D52BC2552265EC3000F06BDC /* MapsUITests */ = {
			isa = PBXNativeTarget;
			buildConfigurationList = D52BC2652265EC3000F06BDC /* Build configuration list for PBXNativeTarget "MapsUITests" */;
			buildPhases = (
				D52BC2522265EC3000F06BDC /* Sources */,
				D52BC2532265EC3000F06BDC /* Frameworks */,
				D52BC2542265EC3000F06BDC /* Resources */,
			);
			buildRules = (
			);
			dependencies = (
				D52BC2582265EC3000F06BDC /* PBXTargetDependency */,
			);
			name = MapsUITests;
			productName = MapsUITests;
			productReference = D52BC2562265EC3000F06BDC /* MapsUITests.xctest */;
			productType = "com.apple.product-type.bundle.ui-testing";
		};
/* End PBXNativeTarget section */

/* Begin PBXProject section */
		D52BC22F2265EC2C00F06BDC /* Project object */ = {
			isa = PBXProject;
			attributes = {
				LastSwiftUpdateCheck = 1010;
				LastUpgradeCheck = 1010;
				ORGANIZATIONNAME = Thyme;
				TargetAttributes = {
					D52BC2362265EC2C00F06BDC = {
						CreatedOnToolsVersion = 10.1;
					};
					D52BC24A2265EC3000F06BDC = {
						CreatedOnToolsVersion = 10.1;
						TestTargetID = D52BC2362265EC2C00F06BDC;
					};
					D52BC2552265EC3000F06BDC = {
						CreatedOnToolsVersion = 10.1;
						TestTargetID = D52BC2362265EC2C00F06BDC;
					};
				};
			};
			buildConfigurationList = D52BC2322265EC2C00F06BDC /* Build configuration list for PBXProject "Maps" */;
			compatibilityVersion = "Xcode 9.3";
			developmentRegion = en;
			hasScannedForEncodings = 0;
			knownRegions = (
				en,
				Base,
			);
			mainGroup = D52BC22E2265EC2C00F06BDC;
			productRefGroup = D52BC2382265EC2C00F06BDC /* Products */;
			projectDirPath = "";
			projectRoot = "";
			targets = (
				D52BC2362265EC2C00F06BDC /* Maps */,
				D52BC24A2265EC3000F06BDC /* MapsTests */,
				D52BC2552265EC3000F06BDC /* MapsUITests */,
			);
		};
/* End PBXProject section */

/* Begin PBXResourcesBuildPhase section */
		D52BC2352265EC2C00F06BDC /* Resources */ = {
			isa = PBXResourcesBuildPhase;
			buildActionMask = 2147483647;
			files = (
				D52BC2452265EC3000F06BDC /* LaunchScreen.storyboard in Resources */,
				D52BC2422265EC3000F06BDC /* Assets.xcassets in Resources */,
				D52BC2402265EC2C00F06BDC /* Main.storyboard in Resources */,
			);
			runOnlyForDeploymentPostprocessing = 0;
		};
		D52BC2492265EC3000F06BDC /* Resources */ = {
			isa = PBXResourcesBuildPhase;
			buildActionMask = 2147483647;
			files = (
			);
			runOnlyForDeploymentPostprocessing = 0;
		};
		D52BC2542265EC3000F06BDC /* Resources */ = {
			isa = PBXResourcesBuildPhase;
			buildActionMask = 2147483647;
			files = (
			);
			runOnlyForDeploymentPostprocessing = 0;
		};
/* End PBXResourcesBuildPhase section */

/* Begin PBXSourcesBuildPhase section */
		D52BC2332265EC2C00F06BDC /* Sources */ = {
			isa = PBXSourcesBuildPhase;
			buildActionMask = 2147483647;
			files = (
				D52BC23D2265EC2C00F06BDC /* ViewController.swift in Sources */,
				D52BC23B2265EC2C00F06BDC /* AppDelegate.swift in Sources */,
			);
			runOnlyForDeploymentPostprocessing = 0;
		};
		D52BC2472265EC3000F06BDC /* Sources */ = {
			isa = PBXSourcesBuildPhase;
			buildActionMask = 2147483647;
			files = (
				D52BC2502265EC3000F06BDC /* MapsTests.swift in Sources */,
			);
			runOnlyForDeploymentPostprocessing = 0;
		};
		D52BC2522265EC3000F06BDC /* Sources */ = {
			isa = PBXSourcesBuildPhase;
			buildActionMask = 2147483647;
			files = (
				D52BC25B2265EC3000F06BDC /* MapsUITests.swift in Sources */,
			);
			runOnlyForDeploymentPostprocessing = 0;
		};
/* End PBXSourcesBuildPhase section */

/* Begin PBXTargetDependency section */
		D52BC24D2265EC3000F06BDC /* PBXTargetDependency */ = {
			isa = PBXTargetDependency;
			target = D52BC2362265EC2C00F06BDC /* Maps */;
			targetProxy = D52BC24C2265EC3000F06BDC /* PBXContainerItemProxy */;
		};
		D52BC2582265EC3000F06BDC /* PBXTargetDependency */ = {
			isa = PBXTargetDependency;
			target = D52BC2362265EC2C00F06BDC /* Maps */;
			targetProxy = D52BC2572265EC3000F06BDC /* PBXContainerItemProxy */;
		};
/* End PBXTargetDependency section */

/* Begin PBXVariantGroup section */
		D52BC23E2265EC2C00F06BDC /* Main.storyboard */ = {
			isa = PBXVariantGroup;
			children = (
				D52BC23F2265EC2C00F06BDC /* Base */,
			);
			name = Main.storyboard;
			sourceTree = "<group>";
		};
		D52BC2432265EC3000F06BDC /* LaunchScreen.storyboard */ = {
			isa = PBXVariantGroup;
			children = (
				D52BC2442265EC3000F06BDC /* Base */,
			);
			name = LaunchScreen.storyboard;
			sourceTree = "<group>";
		};
/* End PBXVariantGroup section */

/* Begin XCBuildConfiguration section */
		D52BC25D2265EC3000F06BDC /* Debug */ = {
			isa = XCBuildConfiguration;
			buildSettings = {
				ALWAYS_SEARCH_USER_PATHS = NO;
				CLANG_ANALYZER_NONNULL = YES;
				CLANG_ANALYZER_NUMBER_OBJECT_CONVERSION = YES_AGGRESSIVE;
				CLANG_CXX_LANGUAGE_STANDARD = "gnu++14";
				CLANG_CXX_LIBRARY = "libc++";
				CLANG_ENABLE_MODULES = YES;
				CLANG_ENABLE_OBJC_ARC = YES;
				CLANG_ENABLE_OBJC_WEAK = YES;
				CLANG_WARN_BLOCK_CAPTURE_AUTORELEASING = YES;
				CLANG_WARN_BOOL_CONVERSION = YES;
				CLANG_WARN_COMMA = YES;
				CLANG_WARN_CONSTANT_CONVERSION = YES;
				CLANG_WARN_DEPRECATED_OBJC_IMPLEMENTATIONS = YES;
				CLANG_WARN_DIRECT_OBJC_ISA_USAGE = YES_ERROR;
				CLANG_WARN_DOCUMENTATION_COMMENTS = YES;
				CLANG_WARN_EMPTY_BODY = YES;
				CLANG_WARN_ENUM_CONVERSION = YES;
				CLANG_WARN_INFINITE_RECURSION = YES;
				CLANG_WARN_INT_CONVERSION = YES;
				CLANG_WARN_NON_LITERAL_NULL_CONVERSION = YES;
				CLANG_WARN_OBJC_IMPLICIT_RETAIN_SELF = YES;
				CLANG_WARN_OBJC_LITERAL_CONVERSION = YES;
				CLANG_WARN_OBJC_ROOT_CLASS = YES_ERROR;
				CLANG_WARN_RANGE_LOOP_ANALYSIS = YES;
				CLANG_WARN_STRICT_PROTOTYPES = YES;
				CLANG_WARN_SUSPICIOUS_MOVE = YES;
				CLANG_WARN_UNGUARDED_AVAILABILITY = YES_AGGRESSIVE;
				CLANG_WARN_UNREACHABLE_CODE = YES;
				CLANG_WARN__DUPLICATE_METHOD_MATCH = YES;
				CODE_SIGN_IDENTITY = "iPhone Developer";
				COPY_PHASE_STRIP = NO;
				DEBUG_INFORMATION_FORMAT = dwarf;
				ENABLE_STRICT_OBJC_MSGSEND = YES;
				ENABLE_TESTABILITY = YES;
				GCC_C_LANGUAGE_STANDARD = gnu11;
				GCC_DYNAMIC_NO_PIC = NO;
				GCC_NO_COMMON_BLOCKS = YES;
				GCC_OPTIMIZATION_LEVEL = 0;
				GCC_PREPROCESSOR_DEFINITIONS = (
					"DEBUG=1",
					"$(inherited)",
				);
				GCC_WARN_64_TO_32_BIT_CONVERSION = YES;
				GCC_WARN_ABOUT_RETURN_TYPE = YES_ERROR;
				GCC_WARN_UNDECLARED_SELECTOR = YES;
				GCC_WARN_UNINITIALIZED_AUTOS = YES_AGGRESSIVE;
				GCC_WARN_UNUSED_FUNCTION = YES;
				GCC_WARN_UNUSED_VARIABLE = YES;
				IPHONEOS_DEPLOYMENT_TARGET = 12.1;
				MTL_ENABLE_DEBUG_INFO = INCLUDE_SOURCE;
				MTL_FAST_MATH = YES;
				ONLY_ACTIVE_ARCH = YES;
				SDKROOT = iphoneos;
				SWIFT_ACTIVE_COMPILATION_CONDITIONS = DEBUG;
				SWIFT_OPTIMIZATION_LEVEL = "-Onone";
			};
			name = Debug;
		};
		D52BC25E2265EC3000F06BDC /* Release */ = {
			isa = XCBuildConfiguration;
			buildSettings = {
				ALWAYS_SEARCH_USER_PATHS = NO;
				CLANG_ANALYZER_NONNULL = YES;
				CLANG_ANALYZER_NUMBER_OBJECT_CONVERSION = YES_AGGRESSIVE;
				CLANG_CXX_LANGUAGE_STANDARD = "gnu++14";
				CLANG_CXX_LIBRARY = "libc++";
				CLANG_ENABLE_MODULES = YES;
				CLANG_ENABLE_OBJC_ARC = YES;
				CLANG_ENABLE_OBJC_WEAK = YES;
				CLANG_WARN_BLOCK_CAPTURE_AUTORELEASING = YES;
				CLANG_WARN_BOOL_CONVERSION = YES;
				CLANG_WARN_COMMA = YES;
				CLANG_WARN_CONSTANT_CONVERSION = YES;
				CLANG_WARN_DEPRECATED_OBJC_IMPLEMENTATIONS = YES;
				CLANG_WARN_DIRECT_OBJC_ISA_USAGE = YES_ERROR;
				CLANG_WARN_DOCUMENTATION_COMMENTS = YES;
				CLANG_WARN_EMPTY_BODY = YES;
				CLANG_WARN_ENUM_CONVERSION = YES;
				CLANG_WARN_INFINITE_RECURSION = YES;
				CLANG_WARN_INT_CONVERSION = YES;
				CLANG_WARN_NON_LITERAL_NULL_CONVERSION = YES;
				CLANG_WARN_OBJC_IMPLICIT_RETAIN_SELF = YES;
				CLANG_WARN_OBJC_LITERAL_CONVERSION = YES;
				CLANG_WARN_OBJC_ROOT_CLASS = YES_ERROR;
				CLANG_WARN_RANGE_LOOP_ANALYSIS = YES;
				CLANG_WARN_STRICT_PROTOTYPES = YES;
				CLANG_WARN_SUSPICIOUS_MOVE = YES;
				CLANG_WARN_UNGUARDED_AVAILABILITY = YES_AGGRESSIVE;
				CLANG_WARN_UNREACHABLE_CODE = YES;
				CLANG_WARN__DUPLICATE_METHOD_MATCH = YES;
				CODE_SIGN_IDENTITY = "iPhone Developer";
				COPY_PHASE_STRIP = NO;
				DEBUG_INFORMATION_FORMAT = "dwarf-with-dsym";
				ENABLE_NS_ASSERTIONS = NO;
				ENABLE_STRICT_OBJC_MSGSEND = YES;
				GCC_C_LANGUAGE_STANDARD = gnu11;
				GCC_NO_COMMON_BLOCKS = YES;
				GCC_WARN_64_TO_32_BIT_CONVERSION = YES;
				GCC_WARN_ABOUT_RETURN_TYPE = YES_ERROR;
				GCC_WARN_UNDECLARED_SELECTOR = YES;
				GCC_WARN_UNINITIALIZED_AUTOS = YES_AGGRESSIVE;
				GCC_WARN_UNUSED_FUNCTION = YES;
				GCC_WARN_UNUSED_VARIABLE = YES;
				IPHONEOS_DEPLOYMENT_TARGET = 12.1;
				MTL_ENABLE_DEBUG_INFO = NO;
				MTL_FAST_MATH = YES;
				SDKROOT = iphoneos;
				SWIFT_COMPILATION_MODE = wholemodule;
				SWIFT_OPTIMIZATION_LEVEL = "-O";
				VALIDATE_PRODUCT = YES;
			};
			name = Release;
		};
		D52BC2602265EC3000F06BDC /* Debug */ = {
			isa = XCBuildConfiguration;
			buildSettings = {
				ASSETCATALOG_COMPILER_APPICON_NAME = AppIcon;
				CODE_SIGN_STYLE = Automatic;
				DEVELOPMENT_TEAM = 84J39QPGJ4;
				INFOPLIST_FILE = Maps/Info.plist;
				LD_RUNPATH_SEARCH_PATHS = (
					"$(inherited)",
					"@executable_path/Frameworks",
				);
				PRODUCT_BUNDLE_IDENTIFIER = AppThyme.Maps;
				PRODUCT_NAME = "$(TARGET_NAME)";
				SWIFT_VERSION = 4.2;
				TARGETED_DEVICE_FAMILY = "1,2";
			};
			name = Debug;
		};
		D52BC2612265EC3000F06BDC /* Release */ = {
			isa = XCBuildConfiguration;
			buildSettings = {
				ASSETCATALOG_COMPILER_APPICON_NAME = AppIcon;
				CODE_SIGN_STYLE = Automatic;
				DEVELOPMENT_TEAM = 84J39QPGJ4;
				INFOPLIST_FILE = Maps/Info.plist;
				LD_RUNPATH_SEARCH_PATHS = (
					"$(inherited)",
					"@executable_path/Frameworks",
				);
				PRODUCT_BUNDLE_IDENTIFIER = AppThyme.Maps;
				PRODUCT_NAME = "$(TARGET_NAME)";
				SWIFT_VERSION = 4.2;
				TARGETED_DEVICE_FAMILY = "1,2";
			};
			name = Release;
		};
		D52BC2632265EC3000F06BDC /* Debug */ = {
			isa = XCBuildConfiguration;
			buildSettings = {
				ALWAYS_EMBED_SWIFT_STANDARD_LIBRARIES = YES;
				BUNDLE_LOADER = "$(TEST_HOST)";
				CODE_SIGN_STYLE = Automatic;
				DEVELOPMENT_TEAM = 84J39QPGJ4;
				INFOPLIST_FILE = MapsTests/Info.plist;
				LD_RUNPATH_SEARCH_PATHS = (
					"$(inherited)",
					"@executable_path/Frameworks",
					"@loader_path/Frameworks",
				);
				PRODUCT_BUNDLE_IDENTIFIER = AppThyme.MapsTests;
				PRODUCT_NAME = "$(TARGET_NAME)";
				SWIFT_VERSION = 4.2;
				TARGETED_DEVICE_FAMILY = "1,2";
				TEST_HOST = "$(BUILT_PRODUCTS_DIR)/Maps.app/Maps";
			};
			name = Debug;
		};
		D52BC2642265EC3000F06BDC /* Release */ = {
			isa = XCBuildConfiguration;
			buildSettings = {
				ALWAYS_EMBED_SWIFT_STANDARD_LIBRARIES = YES;
				BUNDLE_LOADER = "$(TEST_HOST)";
				CODE_SIGN_STYLE = Automatic;
				DEVELOPMENT_TEAM = 84J39QPGJ4;
				INFOPLIST_FILE = MapsTests/Info.plist;
				LD_RUNPATH_SEARCH_PATHS = (
					"$(inherited)",
					"@executable_path/Frameworks",
					"@loader_path/Frameworks",
				);
				PRODUCT_BUNDLE_IDENTIFIER = AppThyme.MapsTests;
				PRODUCT_NAME = "$(TARGET_NAME)";
				SWIFT_VERSION = 4.2;
				TARGETED_DEVICE_FAMILY = "1,2";
				TEST_HOST = "$(BUILT_PRODUCTS_DIR)/Maps.app/Maps";
			};
			name = Release;
		};
		D52BC2662265EC3000F06BDC /* Debug */ = {
			isa = XCBuildConfiguration;
			buildSettings = {
				ALWAYS_EMBED_SWIFT_STANDARD_LIBRARIES = YES;
				CODE_SIGN_STYLE = Automatic;
				DEVELOPMENT_TEAM = 84J39QPGJ4;
				INFOPLIST_FILE = MapsUITests/Info.plist;
				LD_RUNPATH_SEARCH_PATHS = (
					"$(inherited)",
					"@executable_path/Frameworks",
					"@loader_path/Frameworks",
				);
				PRODUCT_BUNDLE_IDENTIFIER = AppThyme.MapsUITests;
				PRODUCT_NAME = "$(TARGET_NAME)";
				SWIFT_VERSION = 4.2;
				TARGETED_DEVICE_FAMILY = "1,2";
				TEST_TARGET_NAME = Maps;
			};
			name = Debug;
		};
		D52BC2672265EC3000F06BDC /* Release */ = {
			isa = XCBuildConfiguration;
			buildSettings = {
				ALWAYS_EMBED_SWIFT_STANDARD_LIBRARIES = YES;
				CODE_SIGN_STYLE = Automatic;
				DEVELOPMENT_TEAM = 84J39QPGJ4;
				INFOPLIST_FILE = MapsUITests/Info.plist;
				LD_RUNPATH_SEARCH_PATHS = (
					"$(inherited)",
					"@executable_path/Frameworks",
					"@loader_path/Frameworks",
				);
				PRODUCT_BUNDLE_IDENTIFIER = AppThyme.MapsUITests;
				PRODUCT_NAME = "$(TARGET_NAME)";
				SWIFT_VERSION = 4.2;
				TARGETED_DEVICE_FAMILY = "1,2";
				TEST_TARGET_NAME = Maps;
			};
			name = Release;
		};
/* End XCBuildConfiguration section */

/* Begin XCConfigurationList section */
		D52BC2322265EC2C00F06BDC /* Build configuration list for PBXProject "Maps" */ = {
			isa = XCConfigurationList;
			buildConfigurations = (
				D52BC25D2265EC3000F06BDC /* Debug */,
				D52BC25E2265EC3000F06BDC /* Release */,
			);
			defaultConfigurationIsVisible = 0;
			defaultConfigurationName = Release;
		};
		D52BC25F2265EC3000F06BDC /* Build configuration list for PBXNativeTarget "Maps" */ = {
			isa = XCConfigurationList;
			buildConfigurations = (
				D52BC2602265EC3000F06BDC /* Debug */,
				D52BC2612265EC3000F06BDC /* Release */,
			);
			defaultConfigurationIsVisible = 0;
			defaultConfigurationName = Release;
		};
		D52BC2622265EC3000F06BDC /* Build configuration list for PBXNativeTarget "MapsTests" */ = {
			isa = XCConfigurationList;
			buildConfigurations = (
				D52BC2632265EC3000F06BDC /* Debug */,
				D52BC2642265EC3000F06BDC /* Release */,
			);
			defaultConfigurationIsVisible = 0;
			defaultConfigurationName = Release;
		};
		D52BC2652265EC3000F06BDC /* Build configuration list for PBXNativeTarget "MapsUITests" */ = {
			isa = XCConfigurationList;
			buildConfigurations = (
				D52BC2662265EC3000F06BDC /* Debug */,
				D52BC2672265EC3000F06BDC /* Release */,
			);
			defaultConfigurationIsVisible = 0;
			defaultConfigurationName = Release;
		};
/* End XCConfigurationList section */
	};
	rootObject = D52BC22F2265EC2C00F06BDC /* Project object */;
}
